
Microsoft Visual Studio Solution File, Format Version 12.00
# Visual Studio 14
VisualStudioVersion = 14.0.23107.0
MinimumVisualStudioVersion = 10.0.40219.1
Project("{FAE04EC0-301F-11D3-BF4B-00C04F79EFBC}") = "FITernitiMVC", "FITernitiMVC\FITernitiMVC.csproj", "{EF67BE03-F31F-4BC1-B498-72DE06AB1E81}"
EndProject
Project("{FAE04EC0-301F-11D3-BF4B-00C04F79EFBC}") = "FITernitiBLL", "FITernitiBLL\FITernitiBLL.csproj", "{55B1D2D6-05EC-4E1A-AAFB-B863A265A68D}"
EndProject
Project("{FAE04EC0-301F-11D3-BF4B-00C04F79EFBC}") = "FITernitiData", "FITernitiData\FITernitiData.csproj", "{BCA8AD2B-BE6E-4AF6-AD58-354565FB5EF7}"
EndProject
Global
	GlobalSection(SolutionConfigurationPlatforms) = preSolution
		Debug|Any CPU = Debug|Any CPU
		Release|Any CPU = Release|Any CPU
	EndGlobalSection
	GlobalSection(ProjectConfigurationPlatforms) = postSolution
		{EF67BE03-F31F-4BC1-B498-72DE06AB1E81}.Debug|Any CPU.ActiveCfg = Debug|Any CPU
		{EF67BE03-F31F-4BC1-B498-72DE06AB1E81}.Debug|Any CPU.Build.0 = Debug|Any CPU
		{EF67BE03-F31F-4BC1-B498-72DE06AB1E81}.Release|Any CPU.ActiveCfg = Release|Any CPU
		{EF67BE03-F31F-4BC1-B498-72DE06AB1E81}.Release|Any CPU.Build.0 = Release|Any CPU
		{55B1D2D6-05EC-4E1A-AAFB-B863A265A68D}.Debug|Any CPU.ActiveCfg = Debug|Any CPU
		{55B1D2D6-05EC-4E1A-AAFB-B863A265A68D}.Debug|Any CPU.Build.0 = Debug|Any CPU
		{55B1D2D6-05EC-4E1A-AAFB-B863A265A68D}.Release|Any CPU.ActiveCfg = Release|Any CPU
		{55B1D2D6-05EC-4E1A-AAFB-B863A265A68D}.Release|Any CPU.Build.0 = Release|Any CPU
		{BCA8AD2B-BE6E-4AF6-AD58-354565FB5EF7}.Debug|Any CPU.ActiveCfg = Debug|Any CPU
		{BCA8AD2B-BE6E-4AF6-AD58-354565FB5EF7}.Debug|Any CPU.Build.0 = Debug|Any CPU
		{BCA8AD2B-BE6E-4AF6-AD58-354565FB5EF7}.Release|Any CPU.ActiveCfg = Release|Any CPU
		{BCA8AD2B-BE6E-4AF6-AD58-354565FB5EF7}.Release|Any CPU.Build.0 = Release|Any CPU
	EndGlobalSection
	GlobalSection(SolutionProperties) = preSolution
		HideSolutionNode = FALSE
	EndGlobalSection
EndGlobal
