
Microsoft Visual Studio Solution File, Format Version 12.00
# Visual Studio 14
VisualStudioVersion = 14.0.23107.0
MinimumVisualStudioVersion = 10.0.40219.1
Project("{FAE04EC0-301F-11D3-BF4B-00C04F79EFBC}") = "FITlosophiMVC", "FITlosophiMVC\FITlosophiMVC.csproj", "{5CD0C773-03E1-4749-A94E-E5CA4BEDA857}"
EndProject
Project("{FAE04EC0-301F-11D3-BF4B-00C04F79EFBC}") = "FITlosophiBLL", "FITlosophiBLL\FITlosophiBLL.csproj", "{C11BD340-D79B-4DDF-8DAA-667487FD7545}"
EndProject
Project("{FAE04EC0-301F-11D3-BF4B-00C04F79EFBC}") = "FITlosophiData", "FITlosophiData\FITlosophiData.csproj", "{88F0E861-471D-42CB-BDCA-50797637F57B}"
EndProject
Global
	GlobalSection(SolutionConfigurationPlatforms) = preSolution
		Debug|Any CPU = Debug|Any CPU
		Release|Any CPU = Release|Any CPU
	EndGlobalSection
	GlobalSection(ProjectConfigurationPlatforms) = postSolution
		{5CD0C773-03E1-4749-A94E-E5CA4BEDA857}.Debug|Any CPU.ActiveCfg = Debug|Any CPU
		{5CD0C773-03E1-4749-A94E-E5CA4BEDA857}.Debug|Any CPU.Build.0 = Debug|Any CPU
		{5CD0C773-03E1-4749-A94E-E5CA4BEDA857}.Release|Any CPU.ActiveCfg = Release|Any CPU
		{5CD0C773-03E1-4749-A94E-E5CA4BEDA857}.Release|Any CPU.Build.0 = Release|Any CPU
		{C11BD340-D79B-4DDF-8DAA-667487FD7545}.Debug|Any CPU.ActiveCfg = Debug|Any CPU
		{C11BD340-D79B-4DDF-8DAA-667487FD7545}.Debug|Any CPU.Build.0 = Debug|Any CPU
		{C11BD340-D79B-4DDF-8DAA-667487FD7545}.Release|Any CPU.ActiveCfg = Release|Any CPU
		{C11BD340-D79B-4DDF-8DAA-667487FD7545}.Release|Any CPU.Build.0 = Release|Any CPU
		{88F0E861-471D-42CB-BDCA-50797637F57B}.Debug|Any CPU.ActiveCfg = Debug|Any CPU
		{88F0E861-471D-42CB-BDCA-50797637F57B}.Debug|Any CPU.Build.0 = Debug|Any CPU
		{88F0E861-471D-42CB-BDCA-50797637F57B}.Release|Any CPU.ActiveCfg = Release|Any CPU
		{88F0E861-471D-42CB-BDCA-50797637F57B}.Release|Any CPU.Build.0 = Release|Any CPU
	EndGlobalSection
	GlobalSection(SolutionProperties) = preSolution
		HideSolutionNode = FALSE
	EndGlobalSection
EndGlobal
